
Microsoft Visual Studio Solution File, Format Version 12.00
# Visual Studio 2012
Project("{2150E333-8FDC-42A3-9474-1A3956D46DE8}") = "Solution Items", "Solution Items", "{BC791AC6-6B33-429A-8934-952B7C969F85}"
	ProjectSection(SolutionItems) = preProject
		DrTestXML\DrData.xsd = DrTestXML\DrData.xsd
		DrTestXML\DrTest.xml = DrTestXML\DrTest.xml
		DrTestXML\DrTestAction.xml = DrTestXML\DrTestAction.xml
	EndProjectSection
EndProject
Global
	GlobalSection(SolutionProperties) = preSolution
		HideSolutionNode = FALSE
	EndGlobalSection
EndGlobal
